<?xml version="1.0" encoding="utf-8"?>
<Project ToolsVersion="4.0" xmlns="http://schemas.microsoft.com/developer/msbuild/2003">
  <ItemGroup>
    <Filter Include="Header Files">
      <UniqueIdentifier>{93995380-89BD-4b04-88EB-625FBE52EBFB}</UniqueIdentifier>
      <Extensions>h;hh;hpp;hxx;h++;hm;inl;inc;ipp;xsd</Extensions>
    </Filter>
    <Filter Include="Source Files">
      <UniqueIdentifier>{4FC737F1-C7A5-4376-A066-2A32D752A2FF}</UniqueIdentifier>
      <Extensions>cpp;c;cc;cxx;c++;cppm;ixx;def;odl;idl;hpj;bat;asm;asmx</Extensions>
    </Filter>
    <Filter Include="Resource Files">
      <UniqueIdentifier>{67DA6AB6-F800-4c08-8B7A-83BB121AAD01}</UniqueIdentifier>
      <Extensions>rc;ico;cur;bmp;dlg;rc2;rct;bin;rgs;gif;jpg;jpeg;jpe;resx;tiff;tif;png;wav;mfcribbon-ms</Extensions>
    </Filter>
    <Filter Include="test">
      <UniqueIdentifier>{b180d746-92ba-4dec-9617-c280919bb837}</UniqueIdentifier>
    </Filter>
  </ItemGroup>
  <ItemGroup>
    <ClCompile Include="_main_ffmpeg.cpp">
      <Filter>Source Files</Filter>
    </ClCompile>
    <ClCompile Include="video_capture.cpp">
      <Filter>Source Files</Filter>
    </ClCompile>
    <ClCompile Include="CVHelper.cpp">
      <Filter>Source Files</Filter>
    </ClCompile>
    <ClCompile Include="_main_video_encoder.cpp">
      <Filter>Source Files</Filter>
    </ClCompile>
    <ClCompile Include="avframe_util.cpp">
      <Filter>test</Filter>
    </ClCompile>
    <ClCompile Include="codecimpl.cpp">
      <Filter>test</Filter>
    </ClCompile>
    <ClCompile Include="stream_decoder.cpp">
      <Filter>Source Files</Filter>
    </ClCompile>
    <ClCompile Include="stream_encoder.cpp">
      <Filter>Source Files</Filter>
    </ClCompile>
    <ClCompile Include="global.cpp">
      <Filter>test</Filter>
    </ClCompile>
    <ClCompile Include="camera_capture.cpp">
      <Filter>Source Files</Filter>
    </ClCompile>
  </ItemGroup>
  <ItemGroup>
    <ClInclude Include="video_capture.h">
      <Filter>Header Files</Filter>
    </ClInclude>
    <ClInclude Include="CVHelper.h">
      <Filter>Header Files</Filter>
    </ClInclude>
    <ClInclude Include="decode_h264_test.h">
      <Filter>test</Filter>
    </ClInclude>
    <ClInclude Include="global.h">
      <Filter>test</Filter>
    </ClInclude>
    <ClInclude Include="avframe_util.h">
      <Filter>test</Filter>
    </ClInclude>
    <ClInclude Include="codecimpl.h">
      <Filter>test</Filter>
    </ClInclude>
    <ClInclude Include="stream_decoder.h">
      <Filter>Header Files</Filter>
    </ClInclude>
    <ClInclude Include="stream_encoder.h">
      <Filter>Header Files</Filter>
    </ClInclude>
    <ClInclude Include="camera_capture.h">
      <Filter>Header Files</Filter>
    </ClInclude>
  </ItemGroup>
</Project>