<?xml version="1.0" encoding="utf-8"?>
<Project ToolsVersion="4.0" xmlns="http://schemas.microsoft.com/developer/msbuild/2003">
  <ItemGroup>
    <Filter Include="Header Files">
      <UniqueIdentifier>{93995380-89BD-4b04-88EB-625FBE52EBFB}</UniqueIdentifier>
      <Extensions>h;hh;hpp;hxx;h++;hm;inl;inc;ipp;xsd</Extensions>
    </Filter>
    <Filter Include="Source Files">
      <UniqueIdentifier>{4FC737F1-C7A5-4376-A066-2A32D752A2FF}</UniqueIdentifier>
      <Extensions>cpp;c;cc;cxx;c++;cppm;ixx;def;odl;idl;hpj;bat;asm;asmx</Extensions>
    </Filter>
    <Filter Include="Resource Files">
      <UniqueIdentifier>{67DA6AB6-F800-4c08-8B7A-83BB121AAD01}</UniqueIdentifier>
      <Extensions>rc;ico;cur;bmp;dlg;rc2;rct;bin;rgs;gif;jpg;jpeg;jpe;resx;tiff;tif;png;wav;mfcribbon-ms</Extensions>
    </Filter>
  </ItemGroup>
  <ItemGroup>
    <ClCompile Include="main.cpp">
      <Filter>Source Files</Filter>
    </ClCompile>
    <ClCompile Include="CHThread.cpp">
      <Filter>Source Files</Filter>
    </ClCompile>
    <ClCompile Include="CHVector.cpp">
      <Filter>Source Files</Filter>
    </ClCompile>
    <ClCompile Include="CHPointer.cpp">
      <Filter>Source Files</Filter>
    </ClCompile>
    <ClCompile Include="CHTemplate.cpp">
      <Filter>Source Files</Filter>
    </ClCompile>
    <ClCompile Include="CHMap.cpp">
      <Filter>Source Files</Filter>
    </ClCompile>
    <ClCompile Include="CHRegex.cpp">
      <Filter>Source Files</Filter>
    </ClCompile>
    <ClCompile Include="CHKey.cpp">
      <Filter>Source Files</Filter>
    </ClCompile>
    <ClCompile Include="CHShare.cpp">
      <Filter>Source Files</Filter>
    </ClCompile>
    <ClCompile Include="test.cpp">
      <Filter>Source Files</Filter>
    </ClCompile>
    <ClCompile Include="CHCmdHandler.cpp">
      <Filter>Source Files</Filter>
    </ClCompile>
    <ClCompile Include="TestFile.cpp">
      <Filter>Source Files</Filter>
    </ClCompile>
  </ItemGroup>
  <ItemGroup>
    <ClInclude Include="CHThread.h">
      <Filter>Header Files</Filter>
    </ClInclude>
    <ClInclude Include="CHVector.h">
      <Filter>Header Files</Filter>
    </ClInclude>
    <ClInclude Include="CHPointer.h">
      <Filter>Header Files</Filter>
    </ClInclude>
    <ClInclude Include="CHTemplate.h">
      <Filter>Header Files</Filter>
    </ClInclude>
    <ClInclude Include="CHMap.h">
      <Filter>Header Files</Filter>
    </ClInclude>
    <ClInclude Include="CHRegex.h">
      <Filter>Header Files</Filter>
    </ClInclude>
    <ClInclude Include="CHKey.h">
      <Filter>Header Files</Filter>
    </ClInclude>
    <ClInclude Include="CHShare.h">
      <Filter>Header Files</Filter>
    </ClInclude>
    <ClInclude Include="test.h">
      <Filter>Header Files</Filter>
    </ClInclude>
    <ClInclude Include="CHCmdHandler.h">
      <Filter>Header Files</Filter>
    </ClInclude>
  </ItemGroup>
  <ItemGroup>
    <Text Include="test.txt">
      <Filter>Resource Files</Filter>
    </Text>
  </ItemGroup>
</Project>